PODS:
  - Amplify (1.30.4):
    - Amplify/Default (= 1.30.4)
  - Amplify/Default (1.30.4)
  - amplify_datastore (0.0.1):
    - Amplify (= 1.30.4)
    - AmplifyPlugins/AWSAPIPlugin (= 1.30.4)
    - AmplifyPlugins/AWSDataStorePlugin (= 1.30.4)
    - Flutter
  - amplify_secure_storage (0.0.1):
    - Flutter
  - AmplifyPlugins/AWSAPIPlugin (1.30.4):
    - AppSyncRealTimeClient (~> 3.1)
    - AWSCore (~> 2.33.0)
    - AWSPluginsCore (= 1.30.4)
  - AmplifyPlugins/AWSDataStorePlugin (1.30.4):
    - AWSCore (~> 2.33.0)
    - AWSPluginsCore (= 1.30.4)
    - SQLite.swift (= 0.13.2)
  - AppSyncRealTimeClient (3.1.0):
    - Starscream (~> 4.0.4)
  - AWSCore (2.33.1)
  - AWSPluginsCore (1.30.4):
    - Amplify (= 1.30.4)
    - AWSCore (~> 2.33.0)
  - Flutter (1.0.0)
  - path_provider_foundation (0.0.1):
    - Flutter
    - FlutterMacOS
  - SQLite.swift (0.13.2):
    - SQLite.swift/standard (= 0.13.2)
  - SQLite.swift/standard (0.13.2)
  - Starscream (4.0.4)

DEPENDENCIES:
  - amplify_datastore (from `.symlinks/plugins/amplify_datastore/ios`)
  - amplify_secure_storage (from `.symlinks/plugins/amplify_secure_storage/ios`)
  - Flutter (from `Flutter`)
  - path_provider_foundation (from `.symlinks/plugins/path_provider_foundation/darwin`)

SPEC REPOS:
  trunk:
    - Amplify
    - AmplifyPlugins
    - AppSyncRealTimeClient
    - AWSCore
    - AWSPluginsCore
    - SQLite.swift
    - Starscream

EXTERNAL SOURCES:
  amplify_datastore:
    :path: ".symlinks/plugins/amplify_datastore/ios"
  amplify_secure_storage:
    :path: ".symlinks/plugins/amplify_secure_storage/ios"
  Flutter:
    :path: Flutter
  path_provider_foundation:
    :path: ".symlinks/plugins/path_provider_foundation/darwin"

SPEC CHECKSUMS:
  Amplify: 4e41668c8801667e174ab50c12bc3099c71a257f
  amplify_datastore: 635cdd33aa500e2b8366343de90f70377c0fa1e8
  amplify_secure_storage: 501cbdac671a050090d48dfcc002d5637d3f4a55
  AmplifyPlugins: 1335f0919aa07329df58685a020f2311c75a5176
  AppSyncRealTimeClient: 49901c6f21e541bec09281854c5695a6c1309bf7
  AWSCore: 0d016cdc9eaacbf3132b4fac1974f0b92d48c851
  AWSPluginsCore: f2188458c27e6cb09597c67876f80611d14275d7
  Flutter: f04841e97a9d0b0a8025694d0796dd46242b2854
  path_provider_foundation: eaf5b3e458fc0e5fbb9940fb09980e853fe058b8
  SQLite.swift: 4fc2be46c36392e3b87afe6fe7f1801c1daa07ef
  Starscream: 5178aed56b316f13fa3bc55694e583d35dd414d9

PODFILE CHECKSUM: 7b0d07bdbe0a21e4c70e8292d899831b73ebdedb

COCOAPODS: 1.11.3
